
Microsoft Visual Studio Solution File, Format Version 12.00
# Visual Studio Version 16
VisualStudioVersion = 16.0.31005.135
MinimumVisualStudioVersion = 10.0.40219.1
Project("{FAE04EC0-301F-11D3-BF4B-00C04F79EFBC}") = "enhancedGoodBadLooker", "enhancedGoodBadLooker.csproj", "{B5222B94-83CE-4984-9D4D-2E9E97E48A24}"
EndProject
Project("{9A19103F-16F7-4668-BE54-9A1E7A4F7556}") = "enhancedGoodBadLookerML.Model", "..\enhancedGoodBadLookerML.Model\enhancedGoodBadLookerML.Model.csproj", "{1F137BB8-A867-4C1E-84EE-59063E4DFF2A}"
EndProject
Project("{9A19103F-16F7-4668-BE54-9A1E7A4F7556}") = "enhancedGoodBadLookerML.ConsoleApp", "..\enhancedGoodBadLookerML.ConsoleApp\enhancedGoodBadLookerML.ConsoleApp.csproj", "{ECE35A69-EAC5-4A06-9F6B-B01AA2303892}"
EndProject
Global
	GlobalSection(SolutionConfigurationPlatforms) = preSolution
		Debug|Any CPU = Debug|Any CPU
		Release|Any CPU = Release|Any CPU
	EndGlobalSection
	GlobalSection(ProjectConfigurationPlatforms) = postSolution
		{B5222B94-83CE-4984-9D4D-2E9E97E48A24}.Debug|Any CPU.ActiveCfg = Debug|Any CPU
		{B5222B94-83CE-4984-9D4D-2E9E97E48A24}.Debug|Any CPU.Build.0 = Debug|Any CPU
		{B5222B94-83CE-4984-9D4D-2E9E97E48A24}.Release|Any CPU.ActiveCfg = Release|Any CPU
		{B5222B94-83CE-4984-9D4D-2E9E97E48A24}.Release|Any CPU.Build.0 = Release|Any CPU
		{1F137BB8-A867-4C1E-84EE-59063E4DFF2A}.Debug|Any CPU.ActiveCfg = Debug|Any CPU
		{1F137BB8-A867-4C1E-84EE-59063E4DFF2A}.Debug|Any CPU.Build.0 = Debug|Any CPU
		{1F137BB8-A867-4C1E-84EE-59063E4DFF2A}.Release|Any CPU.ActiveCfg = Release|Any CPU
		{1F137BB8-A867-4C1E-84EE-59063E4DFF2A}.Release|Any CPU.Build.0 = Release|Any CPU
		{ECE35A69-EAC5-4A06-9F6B-B01AA2303892}.Debug|Any CPU.ActiveCfg = Debug|Any CPU
		{ECE35A69-EAC5-4A06-9F6B-B01AA2303892}.Debug|Any CPU.Build.0 = Debug|Any CPU
		{ECE35A69-EAC5-4A06-9F6B-B01AA2303892}.Release|Any CPU.ActiveCfg = Release|Any CPU
		{ECE35A69-EAC5-4A06-9F6B-B01AA2303892}.Release|Any CPU.Build.0 = Release|Any CPU
	EndGlobalSection
	GlobalSection(SolutionProperties) = preSolution
		HideSolutionNode = FALSE
	EndGlobalSection
	GlobalSection(ExtensibilityGlobals) = postSolution
		SolutionGuid = {D87497EA-D1B5-4B5E-AFA3-78EF8A4A76CF}
	EndGlobalSection
EndGlobal
