
Microsoft Visual Studio Solution File, Format Version 12.00
# Visual Studio Version 16
VisualStudioVersion = 16.0.31005.135
MinimumVisualStudioVersion = 10.0.40219.1
Project("{FAE04EC0-301F-11D3-BF4B-00C04F79EFBC}") = "ConsoleApp1", "ConsoleApp1.csproj", "{A4E2225A-7DED-45A3-8057-D2F16CFC945C}"
EndProject
Global
	GlobalSection(SolutionConfigurationPlatforms) = preSolution
		Debug|Any CPU = Debug|Any CPU
		Release|Any CPU = Release|Any CPU
	EndGlobalSection
	GlobalSection(ProjectConfigurationPlatforms) = postSolution
		{A4E2225A-7DED-45A3-8057-D2F16CFC945C}.Debug|Any CPU.ActiveCfg = Debug|Any CPU
		{A4E2225A-7DED-45A3-8057-D2F16CFC945C}.Debug|Any CPU.Build.0 = Debug|Any CPU
		{A4E2225A-7DED-45A3-8057-D2F16CFC945C}.Release|Any CPU.ActiveCfg = Release|Any CPU
		{A4E2225A-7DED-45A3-8057-D2F16CFC945C}.Release|Any CPU.Build.0 = Release|Any CPU
	EndGlobalSection
	GlobalSection(SolutionProperties) = preSolution
		HideSolutionNode = FALSE
	EndGlobalSection
	GlobalSection(ExtensibilityGlobals) = postSolution
		SolutionGuid = {10F23928-C2FB-4296-A3D0-81BE2A39F683}
	EndGlobalSection
EndGlobal
